<?xml version="1.0" encoding="utf-8"?>
<Project ToolsVersion="4.0" xmlns="http://schemas.microsoft.com/developer/msbuild/2003">
  <ItemGroup>
    <Filter Include="Blazr">
      <UniqueIdentifier>{2037E60C-8C4B-0EBE-55CD-B11DC1A00AEF}</UniqueIdentifier>
    </Filter>
    <Filter Include="Blazr\Core">
      <UniqueIdentifier>{78CF7EA6-6487-C0F3-CD8E-994FB9655BE4}</UniqueIdentifier>
    </Filter>
    <Filter Include="Blazr\Ecs">
      <UniqueIdentifier>{AABF87F5-162A-3C6C-5F68-ED11CB111AC1}</UniqueIdentifier>
    </Filter>
    <Filter Include="Blazr\Ecs\Components">
      <UniqueIdentifier>{7F469B84-6BD5-244E-14F4-3849006235F4}</UniqueIdentifier>
    </Filter>
    <Filter Include="Blazr\Events">
      <UniqueIdentifier>{049F9246-F001-22EB-9987-5AA185C9ED6D}</UniqueIdentifier>
    </Filter>
    <Filter Include="Blazr\Fonts">
      <UniqueIdentifier>{59F98E76-C5AE-076C-4EA3-0143BA57FE6F}</UniqueIdentifier>
    </Filter>
    <Filter Include="Blazr\Layers">
      <UniqueIdentifier>{DF897555-CBEC-04FA-7472-3DB060B4D07C}</UniqueIdentifier>
    </Filter>
    <Filter Include="Blazr\Physics">
      <UniqueIdentifier>{925A6B48-FE1A-E77E-C755-30FC33D52B5B}</UniqueIdentifier>
    </Filter>
    <Filter Include="Blazr\Platform">
      <UniqueIdentifier>{7477D451-6045-C857-49D9-387E3546A4BC}</UniqueIdentifier>
    </Filter>
    <Filter Include="Blazr\Platform\Linux">
      <UniqueIdentifier>{9371B207-7F00-3CD1-281F-50CC148D4C77}</UniqueIdentifier>
    </Filter>
    <Filter Include="Blazr\Project">
      <UniqueIdentifier>{66FB045F-D2BB-8095-9BF6-C9120776C571}</UniqueIdentifier>
    </Filter>
    <Filter Include="Blazr\Renderer">
      <UniqueIdentifier>{C67EB12C-B24C-A532-9BE0-1559874D8197}</UniqueIdentifier>
    </Filter>
    <Filter Include="Blazr\Resources">
      <UniqueIdentifier>{8AC48E5E-F64F-FC22-FF60-7F176B6B5823}</UniqueIdentifier>
    </Filter>
    <Filter Include="Blazr\Scene">
      <UniqueIdentifier>{3D7C7377-A931-EC6C-3226-E6439EDAE270}</UniqueIdentifier>
    </Filter>
    <Filter Include="Blazr\Scripting">
      <UniqueIdentifier>{2214359F-8E9F-A263-97B0-255803BBFE63}</UniqueIdentifier>
    </Filter>
    <Filter Include="Blazr\Systems">
      <UniqueIdentifier>{27AD9556-936D-118D-5CA8-5A0AC8275669}</UniqueIdentifier>
    </Filter>
    <Filter Include="Blazr\Systems\Sounds">
      <UniqueIdentifier>{727880E3-5E07-0AAD-0726-1EA8F3931A53}</UniqueIdentifier>
    </Filter>
  </ItemGroup>
  <ItemGroup>
    <ClInclude Include="src\Blazr.h" />
    <ClInclude Include="src\Blazr\Core\Application.h">
      <Filter>Blazr\Core</Filter>
    </ClInclude>
    <ClInclude Include="src\Blazr\Core\Core.h">
      <Filter>Blazr\Core</Filter>
    </ClInclude>
    <ClInclude Include="src\Blazr\Core\EntryPoint.h">
      <Filter>Blazr\Core</Filter>
    </ClInclude>
    <ClInclude Include="src\Blazr\Core\KeyCodes.h">
      <Filter>Blazr\Core</Filter>
    </ClInclude>
    <ClInclude Include="src\Blazr\Core\Log.h">
      <Filter>Blazr\Core</Filter>
    </ClInclude>
    <ClInclude Include="src\Blazr\Core\MouseCodes.h">
      <Filter>Blazr\Core</Filter>
    </ClInclude>
    <ClInclude Include="src\Blazr\Core\Window.h">
      <Filter>Blazr\Core</Filter>
    </ClInclude>
    <ClInclude Include="src\Blazr\Ecs\Components\AnimationComponent.h">
      <Filter>Blazr\Ecs\Components</Filter>
    </ClInclude>
    <ClInclude Include="src\Blazr\Ecs\Components\BoxColliderComponent.h">
      <Filter>Blazr\Ecs\Components</Filter>
    </ClInclude>
    <ClInclude Include="src\Blazr\Ecs\Components\Identification.h">
      <Filter>Blazr\Ecs\Components</Filter>
    </ClInclude>
    <ClInclude Include="src\Blazr\Ecs\Components\PhysicsComponent.h">
      <Filter>Blazr\Ecs\Components</Filter>
    </ClInclude>
    <ClInclude Include="src\Blazr\Ecs\Components\ScriptComponent.h">
      <Filter>Blazr\Ecs\Components</Filter>
    </ClInclude>
    <ClInclude Include="src\Blazr\Ecs\Components\SpriteComponent.h">
      <Filter>Blazr\Ecs\Components</Filter>
    </ClInclude>
    <ClInclude Include="src\Blazr\Ecs\Components\TileComponent.h">
      <Filter>Blazr\Ecs\Components</Filter>
    </ClInclude>
    <ClInclude Include="src\Blazr\Ecs\Components\TransformComponent.h">
      <Filter>Blazr\Ecs\Components</Filter>
    </ClInclude>
    <ClInclude Include="src\Blazr\Ecs\Entity.h">
      <Filter>Blazr\Ecs</Filter>
    </ClInclude>
    <ClInclude Include="src\Blazr\Ecs\MetaUtil.h">
      <Filter>Blazr\Ecs</Filter>
    </ClInclude>
    <ClInclude Include="src\Blazr\Ecs\Registry.h">
      <Filter>Blazr\Ecs</Filter>
    </ClInclude>
    <ClInclude Include="src\Blazr\Events\ApplicationEvent.h">
      <Filter>Blazr\Events</Filter>
    </ClInclude>
    <ClInclude Include="src\Blazr\Events\Event.h">
      <Filter>Blazr\Events</Filter>
    </ClInclude>
    <ClInclude Include="src\Blazr\Events\KeyEvent.h">
      <Filter>Blazr\Events</Filter>
    </ClInclude>
    <ClInclude Include="src\Blazr\Events\MouseEvent.h">
      <Filter>Blazr\Events</Filter>
    </ClInclude>
    <ClInclude Include="src\Blazr\Fonts\Font.h">
      <Filter>Blazr\Fonts</Filter>
    </ClInclude>
    <ClInclude Include="src\Blazr\Fonts\stb_truetype.h">
      <Filter>Blazr\Fonts</Filter>
    </ClInclude>
    <ClInclude Include="src\Blazr\Layers\Layer.h">
      <Filter>Blazr\Layers</Filter>
    </ClInclude>
    <ClInclude Include="src\Blazr\Layers\LayerManager.h">
      <Filter>Blazr\Layers</Filter>
    </ClInclude>
    <ClInclude Include="src\Blazr\Physics\Box2DWrapper.h">
      <Filter>Blazr\Physics</Filter>
    </ClInclude>
    <ClInclude Include="src\Blazr\Platform\Linux\LinuxWindow.h">
      <Filter>Blazr\Platform\Linux</Filter>
    </ClInclude>
    <ClInclude Include="src\Blazr\Project\Project.h">
      <Filter>Blazr\Project</Filter>
    </ClInclude>
    <ClInclude Include="src\Blazr\Project\ProjectSerializer.h">
      <Filter>Blazr\Project</Filter>
    </ClInclude>
    <ClInclude Include="src\Blazr\Renderer\Buffer.h">
      <Filter>Blazr\Renderer</Filter>
    </ClInclude>
    <ClInclude Include="src\Blazr\Renderer\Camera2D.h">
      <Filter>Blazr\Renderer</Filter>
    </ClInclude>
    <ClInclude Include="src\Blazr\Renderer\CameraController.h">
      <Filter>Blazr\Renderer</Filter>
    </ClInclude>
    <ClInclude Include="src\Blazr\Renderer\FrameBuffer.h">
      <Filter>Blazr\Renderer</Filter>
    </ClInclude>
    <ClInclude Include="src\Blazr\Renderer\RenderCommand.h">
      <Filter>Blazr\Renderer</Filter>
    </ClInclude>
    <ClInclude Include="src\Blazr\Renderer\RenderContext.h">
      <Filter>Blazr\Renderer</Filter>
    </ClInclude>
    <ClInclude Include="src\Blazr\Renderer\Renderer2D.h">
      <Filter>Blazr\Renderer</Filter>
    </ClInclude>
    <ClInclude Include="src\Blazr\Renderer\Shader.h">
      <Filter>Blazr\Renderer</Filter>
    </ClInclude>
    <ClInclude Include="src\Blazr\Renderer\ShaderLoader.h">
      <Filter>Blazr\Renderer</Filter>
    </ClInclude>
    <ClInclude Include="src\Blazr\Renderer\Texture2D.h">
      <Filter>Blazr\Renderer</Filter>
    </ClInclude>
    <ClInclude Include="src\Blazr\Renderer\UniformBuffer.h">
      <Filter>Blazr\Renderer</Filter>
    </ClInclude>
    <ClInclude Include="src\Blazr\Renderer\VertexArray.h">
      <Filter>Blazr\Renderer</Filter>
    </ClInclude>
    <ClInclude Include="src\Blazr\Renderer\stb_image.h">
      <Filter>Blazr\Renderer</Filter>
    </ClInclude>
    <ClInclude Include="src\Blazr\Resources\AssetManager.h">
      <Filter>Blazr\Resources</Filter>
    </ClInclude>
    <ClInclude Include="src\Blazr\Scene\Scene.h">
      <Filter>Blazr\Scene</Filter>
    </ClInclude>
    <ClInclude Include="src\Blazr\Scripting\GlmLuaBindings.h">
      <Filter>Blazr\Scripting</Filter>
    </ClInclude>
    <ClInclude Include="src\Blazr\Systems\AnimationSystem.h">
      <Filter>Blazr\Systems</Filter>
    </ClInclude>
    <ClInclude Include="src\Blazr\Systems\BoxColliderSystem.h">
      <Filter>Blazr\Systems</Filter>
    </ClInclude>
    <ClInclude Include="src\Blazr\Systems\InputSystem.h">
      <Filter>Blazr\Systems</Filter>
    </ClInclude>
    <ClInclude Include="src\Blazr\Systems\PhysicsSystem.h">
      <Filter>Blazr\Systems</Filter>
    </ClInclude>
    <ClInclude Include="src\Blazr\Systems\ScriptingSystem.h">
      <Filter>Blazr\Systems</Filter>
    </ClInclude>
    <ClInclude Include="src\Blazr\Systems\Sounds\Effect.h">
      <Filter>Blazr\Systems\Sounds</Filter>
    </ClInclude>
    <ClInclude Include="src\Blazr\Systems\Sounds\EffectPlayer.h">
      <Filter>Blazr\Systems\Sounds</Filter>
    </ClInclude>
    <ClInclude Include="src\Blazr\Systems\Sounds\Music.h">
      <Filter>Blazr\Systems\Sounds</Filter>
    </ClInclude>
    <ClInclude Include="src\Blazr\Systems\Sounds\SoundPlayer.h">
      <Filter>Blazr\Systems\Sounds</Filter>
    </ClInclude>
    <ClInclude Include="src\Blazr\Systems\Sounds\SoundProperties.h">
      <Filter>Blazr\Systems\Sounds</Filter>
    </ClInclude>
    <ClInclude Include="src\blzrpch.h" />
  </ItemGroup>
  <ItemGroup>
    <ClCompile Include="src\Blazr\Core\Application.cpp">
      <Filter>Blazr\Core</Filter>
    </ClCompile>
    <ClCompile Include="src\Blazr\Core\Log.cpp">
      <Filter>Blazr\Core</Filter>
    </ClCompile>
    <ClCompile Include="src\Blazr\Ecs\Components\AnimationComponent.cpp">
      <Filter>Blazr\Ecs\Components</Filter>
    </ClCompile>
    <ClCompile Include="src\Blazr\Ecs\Components\BoxColliderComponent.cpp">
      <Filter>Blazr\Ecs\Components</Filter>
    </ClCompile>
    <ClCompile Include="src\Blazr\Ecs\Components\PhysicsComponent.cpp">
      <Filter>Blazr\Ecs\Components</Filter>
    </ClCompile>
    <ClCompile Include="src\Blazr\Ecs\Components\SpriteComponent.cpp">
      <Filter>Blazr\Ecs\Components</Filter>
    </ClCompile>
    <ClCompile Include="src\Blazr\Ecs\Components\TransformComponent.cpp">
      <Filter>Blazr\Ecs\Components</Filter>
    </ClCompile>
    <ClCompile Include="src\Blazr\Ecs\Entity.cpp">
      <Filter>Blazr\Ecs</Filter>
    </ClCompile>
    <ClCompile Include="src\Blazr\Ecs\MetaUtil.cpp">
      <Filter>Blazr\Ecs</Filter>
    </ClCompile>
    <ClCompile Include="src\Blazr\Ecs\Registry.cpp">
      <Filter>Blazr\Ecs</Filter>
    </ClCompile>
    <ClCompile Include="src\Blazr\Fonts\Font.cpp">
      <Filter>Blazr\Fonts</Filter>
    </ClCompile>
    <ClCompile Include="src\Blazr\Fonts\stb_truetype.cpp">
      <Filter>Blazr\Fonts</Filter>
    </ClCompile>
    <ClCompile Include="src\Blazr\Layers\Layer.cpp">
      <Filter>Blazr\Layers</Filter>
    </ClCompile>
    <ClCompile Include="src\Blazr\Layers\LayerManager.cpp">
      <Filter>Blazr\Layers</Filter>
    </ClCompile>
    <ClCompile Include="src\Blazr\Platform\Linux\LinuxWindow.cpp">
      <Filter>Blazr\Platform\Linux</Filter>
    </ClCompile>
    <ClCompile Include="src\Blazr\Project\Project.cpp">
      <Filter>Blazr\Project</Filter>
    </ClCompile>
    <ClCompile Include="src\Blazr\Project\ProjectSerializer.cpp">
      <Filter>Blazr\Project</Filter>
    </ClCompile>
    <ClCompile Include="src\Blazr\Renderer\Buffer.cpp">
      <Filter>Blazr\Renderer</Filter>
    </ClCompile>
    <ClCompile Include="src\Blazr\Renderer\Camera2D.cpp">
      <Filter>Blazr\Renderer</Filter>
    </ClCompile>
    <ClCompile Include="src\Blazr\Renderer\CameraController.cpp">
      <Filter>Blazr\Renderer</Filter>
    </ClCompile>
    <ClCompile Include="src\Blazr\Renderer\FrameBuffer.cpp">
      <Filter>Blazr\Renderer</Filter>
    </ClCompile>
    <ClCompile Include="src\Blazr\Renderer\RenderCommand.cpp">
      <Filter>Blazr\Renderer</Filter>
    </ClCompile>
    <ClCompile Include="src\Blazr\Renderer\RenderContext.cpp">
      <Filter>Blazr\Renderer</Filter>
    </ClCompile>
    <ClCompile Include="src\Blazr\Renderer\Renderer2D.cpp">
      <Filter>Blazr\Renderer</Filter>
    </ClCompile>
    <ClCompile Include="src\Blazr\Renderer\Shader.cpp">
      <Filter>Blazr\Renderer</Filter>
    </ClCompile>
    <ClCompile Include="src\Blazr\Renderer\ShaderLoader.cpp">
      <Filter>Blazr\Renderer</Filter>
    </ClCompile>
    <ClCompile Include="src\Blazr\Renderer\Texture2D.cpp">
      <Filter>Blazr\Renderer</Filter>
    </ClCompile>
    <ClCompile Include="src\Blazr\Renderer\UniformBuffer.cpp">
      <Filter>Blazr\Renderer</Filter>
    </ClCompile>
    <ClCompile Include="src\Blazr\Renderer\VertexArray.cpp">
      <Filter>Blazr\Renderer</Filter>
    </ClCompile>
    <ClCompile Include="src\Blazr\Renderer\stb_image.cpp">
      <Filter>Blazr\Renderer</Filter>
    </ClCompile>
    <ClCompile Include="src\Blazr\Resources\AssetManager.cpp">
      <Filter>Blazr\Resources</Filter>
    </ClCompile>
    <ClCompile Include="src\Blazr\Scene\Scene.cpp">
      <Filter>Blazr\Scene</Filter>
    </ClCompile>
    <ClCompile Include="src\Blazr\Scripting\GlmLuaBindings.cpp">
      <Filter>Blazr\Scripting</Filter>
    </ClCompile>
    <ClCompile Include="src\Blazr\Systems\AnimationSystem.cpp">
      <Filter>Blazr\Systems</Filter>
    </ClCompile>
    <ClCompile Include="src\Blazr\Systems\BoxColliderSystem.cpp">
      <Filter>Blazr\Systems</Filter>
    </ClCompile>
    <ClCompile Include="src\Blazr\Systems\InputSystem.cpp">
      <Filter>Blazr\Systems</Filter>
    </ClCompile>
    <ClCompile Include="src\Blazr\Systems\PhysicsSystem.cpp">
      <Filter>Blazr\Systems</Filter>
    </ClCompile>
    <ClCompile Include="src\Blazr\Systems\ScriptingSystem.cpp">
      <Filter>Blazr\Systems</Filter>
    </ClCompile>
    <ClCompile Include="src\Blazr\Systems\Sounds\Effect.cpp">
      <Filter>Blazr\Systems\Sounds</Filter>
    </ClCompile>
    <ClCompile Include="src\Blazr\Systems\Sounds\Music.cpp">
      <Filter>Blazr\Systems\Sounds</Filter>
    </ClCompile>
    <ClCompile Include="src\Blazr\Systems\Sounds\SoundPlayer.cpp">
      <Filter>Blazr\Systems\Sounds</Filter>
    </ClCompile>
    <ClCompile Include="src\blzrpch.cpp" />
  </ItemGroup>
</Project>